{
  "nodes": {
    "nixpkgs": {
      "locked": {
        "lastModified": 1745193723,
        "narHash": "sha256-NxYmSysMkQ+8bUZzRFyN+mqFdZ9bv9Bb9gwgCKQcCZU=",
        "owner": "NixOS",
        "repo": "nixpkgs",
        "rev": "3990b1119015fcfd272f33a037922a8dcb5cd1aa",
        "type": "github"
      },
      "original": {
        "owner": "NixOS",
        "repo": "nixpkgs",
        "type": "github"
      }
    },
    "root": {
      "inputs": {
        "nixpkgs": "nixpkgs"
      }
    }
  },
  "root": "root",
  "version": 7
}
